
Microsoft Visual Studio Solution File, Format Version 12.00
# Visual Studio 2012
Project("{CC5FD16D-436D-48AD-A40C-5A424C6E3E79}") = "Ronin.WebScraperService", "Ronin.WebScraperService\Ronin.WebScraperService.ccproj", "{7DCB0D6D-D0DF-4A40-988E-545D95EA158F}"
EndProject
Project("{FAE04EC0-301F-11D3-BF4B-00C04F79EFBC}") = "Ronin.API", "Ronin.API\Ronin.API.csproj", "{3FB1062E-312D-466B-AB2D-1699AF79583E}"
EndProject
Project("{F2A71F9B-5D33-465A-A702-920D77279786}") = "Ronin.WebScraper", "Ronin.WebScraper\Ronin.WebScraper.fsproj", "{D0041AB5-4F75-4A33-A671-A3F3178B1194}"
EndProject
Global
	GlobalSection(SolutionConfigurationPlatforms) = preSolution
		Debug|Any CPU = Debug|Any CPU
		Release|Any CPU = Release|Any CPU
	EndGlobalSection
	GlobalSection(ProjectConfigurationPlatforms) = postSolution
		{7DCB0D6D-D0DF-4A40-988E-545D95EA158F}.Debug|Any CPU.ActiveCfg = Debug|Any CPU
		{7DCB0D6D-D0DF-4A40-988E-545D95EA158F}.Debug|Any CPU.Build.0 = Debug|Any CPU
		{7DCB0D6D-D0DF-4A40-988E-545D95EA158F}.Release|Any CPU.ActiveCfg = Release|Any CPU
		{7DCB0D6D-D0DF-4A40-988E-545D95EA158F}.Release|Any CPU.Build.0 = Release|Any CPU
		{3FB1062E-312D-466B-AB2D-1699AF79583E}.Debug|Any CPU.ActiveCfg = Debug|Any CPU
		{3FB1062E-312D-466B-AB2D-1699AF79583E}.Debug|Any CPU.Build.0 = Debug|Any CPU
		{3FB1062E-312D-466B-AB2D-1699AF79583E}.Release|Any CPU.ActiveCfg = Release|Any CPU
		{3FB1062E-312D-466B-AB2D-1699AF79583E}.Release|Any CPU.Build.0 = Release|Any CPU
		{D0041AB5-4F75-4A33-A671-A3F3178B1194}.Debug|Any CPU.ActiveCfg = Debug|Any CPU
		{D0041AB5-4F75-4A33-A671-A3F3178B1194}.Debug|Any CPU.Build.0 = Debug|Any CPU
		{D0041AB5-4F75-4A33-A671-A3F3178B1194}.Release|Any CPU.ActiveCfg = Release|Any CPU
		{D0041AB5-4F75-4A33-A671-A3F3178B1194}.Release|Any CPU.Build.0 = Release|Any CPU
	EndGlobalSection
	GlobalSection(SolutionProperties) = preSolution
		HideSolutionNode = FALSE
	EndGlobalSection
EndGlobal
